// !$*UTF8*$!
{
	archiveVersion = 1;
	classes = {
	};
	objectVersion = 46;
	objects = {

/* Begin PBXAggregateTarget section */
		373EBB9E30AF4F89BBC591FC /* ALL_BUILD */ = {
			isa = PBXAggregateTarget;
			buildConfigurationList = 7B183E96B247452BB419EF7C /* Build configuration list for PBXAggregateTarget "ALL_BUILD" */;
			buildPhases = (
				315A7F1C32EC4C87837D822C /* CMake Rules */,
			);
			dependencies = (
				8427F95DFF0B46C2B33BCC84 /* PBXTargetDependency */,
				5816F48E44E142729BEFA282 /* PBXTargetDependency */,
			);
			name = ALL_BUILD;
			productName = ALL_BUILD;
		};
		D94C5FA132054F1285BABD78 /* ZERO_CHECK */ = {
			isa = PBXAggregateTarget;
			buildConfigurationList = A5906CC7BCDF4DB9816F04A8 /* Build configuration list for PBXAggregateTarget "ZERO_CHECK" */;
			buildPhases = (
				1EA5F3EB25C54B82B926A86D /* CMake Rules */,
			);
			dependencies = (
			);
			name = ZERO_CHECK;
			productName = ZERO_CHECK;
		};
/* End PBXAggregateTarget section */

/* Begin PBXBuildFile section */
		3478E7C2B1504D7792425EAD /* FusionEKF.cpp in Sources */ = {isa = PBXBuildFile; fileRef = 5BF5DC64E6474AA99EFF436F /* FusionEKF.cpp */; };
		5E4F763C18C94D849E96AE11 /* tools.cpp in Sources */ = {isa = PBXBuildFile; fileRef = E6AA5FC59C83478CB9F0FD0D /* tools.cpp */; };
		6DF03611869C4C09912F8D0A /* kalman_filter.cpp in Sources */ = {isa = PBXBuildFile; fileRef = 215C2E236A5447758AC0F6EC /* kalman_filter.cpp */; };
		8C8F0DE5B83F4A98A42A9164 /* main.cpp in Sources */ = {isa = PBXBuildFile; fileRef = DD7CBF92A9A647759A032D82 /* main.cpp */; };
/* End PBXBuildFile section */

/* Begin PBXContainerItemProxy section */
		225E487F7066417382CD74B2 /* PBXContainerItemProxy */ = {
			isa = PBXContainerItemProxy;
			containerPortal = 30FEDE360BFD4623A0628E42 /* Project object */;
			proxyType = 1;
			remoteGlobalIDString = D94C5FA132054F1285BABD78;
			remoteInfo = ZERO_CHECK;
		};
		D2B37651A28B4062A7820F80 /* PBXContainerItemProxy */ = {
			isa = PBXContainerItemProxy;
			containerPortal = 30FEDE360BFD4623A0628E42 /* Project object */;
			proxyType = 1;
			remoteGlobalIDString = F37A1314D99B4B9098122216;
			remoteInfo = ExtendedKF;
		};
		D2CC312403144F8894A7F3B5 /* PBXContainerItemProxy */ = {
			isa = PBXContainerItemProxy;
			containerPortal = 30FEDE360BFD4623A0628E42 /* Project object */;
			proxyType = 1;
			remoteGlobalIDString = D94C5FA132054F1285BABD78;
			remoteInfo = ZERO_CHECK;
		};
/* End PBXContainerItemProxy section */

/* Begin PBXFileReference section */
		215C2E236A5447758AC0F6EC /* kalman_filter.cpp */ = {isa = PBXFileReference; explicitFileType = sourcecode.cpp.cpp; fileEncoding = 4; name = kalman_filter.cpp; path = src/kalman_filter.cpp; sourceTree = SOURCE_ROOT; };
		5B4CAC2EE2634CDCB08BEF76 /* CMakeLists.txt */ = {isa = PBXFileReference; explicitFileType = sourcecode.text; fileEncoding = 4; lastKnownFileType = text; path = CMakeLists.txt; sourceTree = SOURCE_ROOT; };
		5BF5DC64E6474AA99EFF436F /* FusionEKF.cpp */ = {isa = PBXFileReference; explicitFileType = sourcecode.cpp.cpp; fileEncoding = 4; name = FusionEKF.cpp; path = src/FusionEKF.cpp; sourceTree = SOURCE_ROOT; };
		6098C1A5995C4A8198CCEDDD /* CMakeLists.txt */ = {isa = PBXFileReference; explicitFileType = sourcecode.text; fileEncoding = 4; lastKnownFileType = text; path = CMakeLists.txt; sourceTree = SOURCE_ROOT; };
		8FD38A20F6C747A7B31B8087 /* ExtendedKF */ = {isa = PBXFileReference; explicitFileType = "compiled.mach-o.executable"; path = ExtendedKF; sourceTree = BUILT_PRODUCTS_DIR; };
		9A3EEF37E6EE40FDA5E04C8D /* CMakeLists.txt */ = {isa = PBXFileReference; explicitFileType = sourcecode.text; fileEncoding = 4; lastKnownFileType = text; path = CMakeLists.txt; sourceTree = SOURCE_ROOT; };
		DD7CBF92A9A647759A032D82 /* main.cpp */ = {isa = PBXFileReference; explicitFileType = sourcecode.cpp.cpp; fileEncoding = 4; name = main.cpp; path = src/main.cpp; sourceTree = SOURCE_ROOT; };
		E6AA5FC59C83478CB9F0FD0D /* tools.cpp */ = {isa = PBXFileReference; explicitFileType = sourcecode.cpp.cpp; fileEncoding = 4; name = tools.cpp; path = src/tools.cpp; sourceTree = SOURCE_ROOT; };
/* End PBXFileReference section */

/* Begin PBXGroup section */
		0F1226B2EE8E4C938705BAB3 /* CMake Rules */ = {
			isa = PBXGroup;
			children = (
			);
			name = "CMake Rules";
			sourceTree = "<group>";
		};
		42CBF51A0BA6498C86D77870 = {
			isa = PBXGroup;
			children = (
				56AEE380004E478CAA5C4638 /* Sources */,
				EC59B7607225400991C5ACFA /* Resources */,
				B197BC71278E4A108ACD5BD0 /* Products */,
			);
			sourceTree = "<group>";
		};
		56AEE380004E478CAA5C4638 /* Sources */ = {
			isa = PBXGroup;
			children = (
				B5C2CF42B9F746CC900BDC39 /* ExtendedKF */,
				A5E2166E69404F40991E6541 /* ALL_BUILD */,
				D0FCB2A701414B17AFCC4C1E /* ZERO_CHECK */,
			);
			name = Sources;
			sourceTree = "<group>";
		};
		9FBFB754FB524509A768E730 /* Source Files */ = {
			isa = PBXGroup;
			children = (
				5BF5DC64E6474AA99EFF436F /* FusionEKF.cpp */,
				215C2E236A5447758AC0F6EC /* kalman_filter.cpp */,
				DD7CBF92A9A647759A032D82 /* main.cpp */,
				E6AA5FC59C83478CB9F0FD0D /* tools.cpp */,
			);
			name = "Source Files";
			sourceTree = "<group>";
		};
		A5E2166E69404F40991E6541 /* ALL_BUILD */ = {
			isa = PBXGroup;
			children = (
				0F1226B2EE8E4C938705BAB3 /* CMake Rules */,
				6098C1A5995C4A8198CCEDDD /* CMakeLists.txt */,
			);
			name = ALL_BUILD;
			sourceTree = "<group>";
		};
		B197BC71278E4A108ACD5BD0 /* Products */ = {
			isa = PBXGroup;
			children = (
				8FD38A20F6C747A7B31B8087 /* ExtendedKF */,
			);
			name = Products;
			sourceTree = "<group>";
		};
		B5C2CF42B9F746CC900BDC39 /* ExtendedKF */ = {
			isa = PBXGroup;
			children = (
				9FBFB754FB524509A768E730 /* Source Files */,
				9A3EEF37E6EE40FDA5E04C8D /* CMakeLists.txt */,
			);
			name = ExtendedKF;
			sourceTree = "<group>";
		};
		D0FCB2A701414B17AFCC4C1E /* ZERO_CHECK */ = {
			isa = PBXGroup;
			children = (
				E1D03DBA696048D6BC7527DA /* CMake Rules */,
				5B4CAC2EE2634CDCB08BEF76 /* CMakeLists.txt */,
			);
			name = ZERO_CHECK;
			sourceTree = "<group>";
		};
		E1D03DBA696048D6BC7527DA /* CMake Rules */ = {
			isa = PBXGroup;
			children = (
			);
			name = "CMake Rules";
			sourceTree = "<group>";
		};
		EC59B7607225400991C5ACFA /* Resources */ = {
			isa = PBXGroup;
			children = (
			);
			name = Resources;
			sourceTree = "<group>";
		};
/* End PBXGroup section */

/* Begin PBXNativeTarget section */
		F37A1314D99B4B9098122216 /* ExtendedKF */ = {
			isa = PBXNativeTarget;
			buildConfigurationList = D1D9962885544375A34CA426 /* Build configuration list for PBXNativeTarget "ExtendedKF" */;
			buildPhases = (
				BA3C728201594CC4BD161E11 /* Sources */,
			);
			buildRules = (
			);
			dependencies = (
				E55234F71E474E8E9B4464A9 /* PBXTargetDependency */,
			);
			name = ExtendedKF;
			productName = ExtendedKF;
			productReference = 8FD38A20F6C747A7B31B8087 /* ExtendedKF */;
			productType = "com.apple.product-type.tool";
		};
/* End PBXNativeTarget section */

/* Begin PBXProject section */
		30FEDE360BFD4623A0628E42 /* Project object */ = {
			isa = PBXProject;
			attributes = {
				BuildIndependentTargetsInParallel = YES;
				LastUpgradeCheck = 0820;
			};
			buildConfigurationList = EB44F9A5AC17403B95A658F2 /* Build configuration list for PBXProject "ExtendedKF" */;
			compatibilityVersion = "Xcode 3.2";
			developmentRegion = English;
			hasScannedForEncodings = 0;
			knownRegions = (
				en,
			);
			mainGroup = 42CBF51A0BA6498C86D77870;
			projectDirPath = "";
			projectRoot = "";
			targets = (
				373EBB9E30AF4F89BBC591FC /* ALL_BUILD */,
				F37A1314D99B4B9098122216 /* ExtendedKF */,
				D94C5FA132054F1285BABD78 /* ZERO_CHECK */,
			);
		};
/* End PBXProject section */

/* Begin PBXShellScriptBuildPhase section */
		1EA5F3EB25C54B82B926A86D /* CMake Rules */ = {
			isa = PBXShellScriptBuildPhase;
			buildActionMask = 2147483647;
			files = (
			);
			name = "CMake Rules";
			runOnlyForDeploymentPostprocessing = 0;
			shellPath = /bin/sh;
			shellScript = "make -C /Users/nando/workspace/selfdrivingcar/CarND-Extended-Kalman-Filter -f /Users/nando/workspace/selfdrivingcar/CarND-Extended-Kalman-Filter/CMakeScripts/ZERO_CHECK_cmakeRulesBuildPhase.make$CONFIGURATION all";
			showEnvVarsInLog = 0;
		};
		315A7F1C32EC4C87837D822C /* CMake Rules */ = {
			isa = PBXShellScriptBuildPhase;
			buildActionMask = 2147483647;
			files = (
			);
			name = "CMake Rules";
			runOnlyForDeploymentPostprocessing = 0;
			shellPath = /bin/sh;
			shellScript = "make -C /Users/nando/workspace/selfdrivingcar/CarND-Extended-Kalman-Filter -f /Users/nando/workspace/selfdrivingcar/CarND-Extended-Kalman-Filter/CMakeScripts/ALL_BUILD_cmakeRulesBuildPhase.make$CONFIGURATION all";
			showEnvVarsInLog = 0;
		};
/* End PBXShellScriptBuildPhase section */

/* Begin PBXSourcesBuildPhase section */
		BA3C728201594CC4BD161E11 /* Sources */ = {
			isa = PBXSourcesBuildPhase;
			buildActionMask = 2147483647;
			files = (
				3478E7C2B1504D7792425EAD /* FusionEKF.cpp in Sources */,
				6DF03611869C4C09912F8D0A /* kalman_filter.cpp in Sources */,
				8C8F0DE5B83F4A98A42A9164 /* main.cpp in Sources */,
				5E4F763C18C94D849E96AE11 /* tools.cpp in Sources */,
			);
			runOnlyForDeploymentPostprocessing = 0;
		};
/* End PBXSourcesBuildPhase section */

/* Begin PBXTargetDependency section */
		5816F48E44E142729BEFA282 /* PBXTargetDependency */ = {
			isa = PBXTargetDependency;
			target = F37A1314D99B4B9098122216 /* ExtendedKF */;
			targetProxy = D2B37651A28B4062A7820F80 /* PBXContainerItemProxy */;
		};
		8427F95DFF0B46C2B33BCC84 /* PBXTargetDependency */ = {
			isa = PBXTargetDependency;
			target = D94C5FA132054F1285BABD78 /* ZERO_CHECK */;
			targetProxy = 225E487F7066417382CD74B2 /* PBXContainerItemProxy */;
		};
		E55234F71E474E8E9B4464A9 /* PBXTargetDependency */ = {
			isa = PBXTargetDependency;
			target = D94C5FA132054F1285BABD78 /* ZERO_CHECK */;
			targetProxy = D2CC312403144F8894A7F3B5 /* PBXContainerItemProxy */;
		};
/* End PBXTargetDependency section */

/* Begin XCBuildConfiguration section */
		0A96F4F11E1844649EE209E5 /* RelWithDebInfo */ = {
			isa = XCBuildConfiguration;
			buildSettings = {
				COMBINE_HIDPI_IMAGES = YES;
				EXECUTABLE_PREFIX = "";
				EXECUTABLE_SUFFIX = "";
				GCC_GENERATE_DEBUGGING_SYMBOLS = YES;
				GCC_INLINES_ARE_PRIVATE_EXTERN = NO;
				GCC_OPTIMIZATION_LEVEL = 2;
				GCC_PREPROCESSOR_DEFINITIONS = "'CMAKE_INTDIR=\"$(CONFIGURATION)$(EFFECTIVE_PLATFORM_NAME)\"'";
				GCC_SYMBOLS_PRIVATE_EXTERN = NO;
				INSTALL_PATH = "";
				LIBRARY_SEARCH_PATHS = "";
				OTHER_CPLUSPLUSFLAGS = (
					"-DNDEBUG",
					"-std=c++0x",
				);
				OTHER_LDFLAGS = (
					"-Wl,-search_paths_first",
					"-Wl,-headerpad_max_install_names",
				);
				OTHER_REZFLAGS = "";
				PRODUCT_NAME = ExtendedKF;
				SECTORDER_FLAGS = "";
				SYMROOT = "/Users/nando/workspace/selfdrivingcar/CarND-Extended-Kalman-Filter";
				USE_HEADERMAP = NO;
				WARNING_CFLAGS = (
					"-Wmost",
					"-Wno-four-char-constants",
					"-Wno-unknown-pragmas",
					"$(inherited)",
				);
			};
			name = RelWithDebInfo;
		};
		1AEF779BC1D142B1A75C105C /* MinSizeRel */ = {
			isa = XCBuildConfiguration;
			buildSettings = {
				COMBINE_HIDPI_IMAGES = YES;
				EXECUTABLE_PREFIX = "";
				EXECUTABLE_SUFFIX = "";
				GCC_GENERATE_DEBUGGING_SYMBOLS = NO;
				GCC_INLINES_ARE_PRIVATE_EXTERN = NO;
				GCC_OPTIMIZATION_LEVEL = s;
				GCC_PREPROCESSOR_DEFINITIONS = "'CMAKE_INTDIR=\"$(CONFIGURATION)$(EFFECTIVE_PLATFORM_NAME)\"'";
				GCC_SYMBOLS_PRIVATE_EXTERN = NO;
				INSTALL_PATH = "";
				LIBRARY_SEARCH_PATHS = "";
				OTHER_CPLUSPLUSFLAGS = (
					"-DNDEBUG",
					"-std=c++0x",
				);
				OTHER_LDFLAGS = (
					"-Wl,-search_paths_first",
					"-Wl,-headerpad_max_install_names",
				);
				OTHER_REZFLAGS = "";
				PRODUCT_NAME = ExtendedKF;
				SECTORDER_FLAGS = "";
				SYMROOT = "/Users/nando/workspace/selfdrivingcar/CarND-Extended-Kalman-Filter";
				USE_HEADERMAP = NO;
				WARNING_CFLAGS = (
					"-Wmost",
					"-Wno-four-char-constants",
					"-Wno-unknown-pragmas",
					"$(inherited)",
				);
			};
			name = MinSizeRel;
		};
		2084AF7FBC89467B8850A118 /* MinSizeRel */ = {
			isa = XCBuildConfiguration;
			buildSettings = {
				COMBINE_HIDPI_IMAGES = YES;
				GCC_GENERATE_DEBUGGING_SYMBOLS = YES;
				GCC_INLINES_ARE_PRIVATE_EXTERN = NO;
				GCC_OPTIMIZATION_LEVEL = 0;
				GCC_PREPROCESSOR_DEFINITIONS = "'CMAKE_INTDIR=\"$(CONFIGURATION)$(EFFECTIVE_PLATFORM_NAME)\"'";
				GCC_SYMBOLS_PRIVATE_EXTERN = NO;
				INSTALL_PATH = "";
				OTHER_LDFLAGS = " ";
				OTHER_REZFLAGS = "";
				PRODUCT_NAME = ALL_BUILD;
				SECTORDER_FLAGS = "";
				SYMROOT = "/Users/nando/workspace/selfdrivingcar/CarND-Extended-Kalman-Filter";
				USE_HEADERMAP = NO;
				WARNING_CFLAGS = (
					"-Wmost",
					"-Wno-four-char-constants",
					"-Wno-unknown-pragmas",
					"$(inherited)",
				);
			};
			name = MinSizeRel;
		};
		28461A6F73AF448CBCBF8605 /* Debug */ = {
			isa = XCBuildConfiguration;
			buildSettings = {
				COMBINE_HIDPI_IMAGES = YES;
				GCC_GENERATE_DEBUGGING_SYMBOLS = YES;
				GCC_INLINES_ARE_PRIVATE_EXTERN = NO;
				GCC_OPTIMIZATION_LEVEL = 0;
				GCC_PREPROCESSOR_DEFINITIONS = "'CMAKE_INTDIR=\"$(CONFIGURATION)$(EFFECTIVE_PLATFORM_NAME)\"'";
				GCC_SYMBOLS_PRIVATE_EXTERN = NO;
				INSTALL_PATH = "";
				OTHER_LDFLAGS = " ";
				OTHER_REZFLAGS = "";
				PRODUCT_NAME = ALL_BUILD;
				SECTORDER_FLAGS = "";
				SYMROOT = "/Users/nando/workspace/selfdrivingcar/CarND-Extended-Kalman-Filter";
				USE_HEADERMAP = NO;
				WARNING_CFLAGS = (
					"-Wmost",
					"-Wno-four-char-constants",
					"-Wno-unknown-pragmas",
					"$(inherited)",
				);
			};
			name = Debug;
		};
		4150D152F1DA40898D9318F8 /* Debug */ = {
			isa = XCBuildConfiguration;
			buildSettings = {
				MACOSX_DEPLOYMENT_TARGET = 10.11;
				ONLY_ACTIVE_ARCH = YES;
				SDKROOT = /Applications/Xcode.app/Contents/Developer/Platforms/MacOSX.platform/Developer/SDKs/MacOSX10.12.sdk;
				SYMROOT = "/Users/nando/workspace/selfdrivingcar/CarND-Extended-Kalman-Filter/build";
			};
			name = Debug;
		};
		668FCC2A52CF425496B142C8 /* Release */ = {
			isa = XCBuildConfiguration;
			buildSettings = {
				MACOSX_DEPLOYMENT_TARGET = 10.11;
				ONLY_ACTIVE_ARCH = YES;
				SDKROOT = /Applications/Xcode.app/Contents/Developer/Platforms/MacOSX.platform/Developer/SDKs/MacOSX10.12.sdk;
				SYMROOT = "/Users/nando/workspace/selfdrivingcar/CarND-Extended-Kalman-Filter/build";
			};
			name = Release;
		};
		67D9398B3B484192A6228E3C /* MinSizeRel */ = {
			isa = XCBuildConfiguration;
			buildSettings = {
				COMBINE_HIDPI_IMAGES = YES;
				GCC_GENERATE_DEBUGGING_SYMBOLS = YES;
				GCC_INLINES_ARE_PRIVATE_EXTERN = NO;
				GCC_OPTIMIZATION_LEVEL = 0;
				GCC_PREPROCESSOR_DEFINITIONS = "'CMAKE_INTDIR=\"$(CONFIGURATION)$(EFFECTIVE_PLATFORM_NAME)\"'";
				GCC_SYMBOLS_PRIVATE_EXTERN = NO;
				INSTALL_PATH = "";
				OTHER_LDFLAGS = " ";
				OTHER_REZFLAGS = "";
				PRODUCT_NAME = ZERO_CHECK;
				SECTORDER_FLAGS = "";
				SYMROOT = "/Users/nando/workspace/selfdrivingcar/CarND-Extended-Kalman-Filter";
				USE_HEADERMAP = NO;
				WARNING_CFLAGS = (
					"-Wmost",
					"-Wno-four-char-constants",
					"-Wno-unknown-pragmas",
					"$(inherited)",
				);
			};
			name = MinSizeRel;
		};
		7E949B548F8247E78DE271FE /* MinSizeRel */ = {
			isa = XCBuildConfiguration;
			buildSettings = {
				MACOSX_DEPLOYMENT_TARGET = 10.11;
				ONLY_ACTIVE_ARCH = YES;
				SDKROOT = /Applications/Xcode.app/Contents/Developer/Platforms/MacOSX.platform/Developer/SDKs/MacOSX10.12.sdk;
				SYMROOT = "/Users/nando/workspace/selfdrivingcar/CarND-Extended-Kalman-Filter/build";
			};
			name = MinSizeRel;
		};
		872CFF16CF6045189830BB6A /* Debug */ = {
			isa = XCBuildConfiguration;
			buildSettings = {
				COMBINE_HIDPI_IMAGES = YES;
				GCC_GENERATE_DEBUGGING_SYMBOLS = YES;
				GCC_INLINES_ARE_PRIVATE_EXTERN = NO;
				GCC_OPTIMIZATION_LEVEL = 0;
				GCC_PREPROCESSOR_DEFINITIONS = "'CMAKE_INTDIR=\"$(CONFIGURATION)$(EFFECTIVE_PLATFORM_NAME)\"'";
				GCC_SYMBOLS_PRIVATE_EXTERN = NO;
				INSTALL_PATH = "";
				OTHER_LDFLAGS = " ";
				OTHER_REZFLAGS = "";
				PRODUCT_NAME = ZERO_CHECK;
				SECTORDER_FLAGS = "";
				SYMROOT = "/Users/nando/workspace/selfdrivingcar/CarND-Extended-Kalman-Filter";
				USE_HEADERMAP = NO;
				WARNING_CFLAGS = (
					"-Wmost",
					"-Wno-four-char-constants",
					"-Wno-unknown-pragmas",
					"$(inherited)",
				);
			};
			name = Debug;
		};
		9D0E68EEE22F4764A49546A9 /* Debug */ = {
			isa = XCBuildConfiguration;
			buildSettings = {
				COMBINE_HIDPI_IMAGES = YES;
				EXECUTABLE_PREFIX = "";
				EXECUTABLE_SUFFIX = "";
				GCC_GENERATE_DEBUGGING_SYMBOLS = YES;
				GCC_INLINES_ARE_PRIVATE_EXTERN = NO;
				GCC_OPTIMIZATION_LEVEL = 0;
				GCC_PREPROCESSOR_DEFINITIONS = "'CMAKE_INTDIR=\"$(CONFIGURATION)$(EFFECTIVE_PLATFORM_NAME)\"'";
				GCC_SYMBOLS_PRIVATE_EXTERN = NO;
				INSTALL_PATH = "";
				LIBRARY_SEARCH_PATHS = "";
				OTHER_CPLUSPLUSFLAGS = "     -std=c++0x";
				OTHER_LDFLAGS = (
					"-Wl,-search_paths_first",
					"-Wl,-headerpad_max_install_names",
				);
				OTHER_REZFLAGS = "";
				PRODUCT_NAME = ExtendedKF;
				SECTORDER_FLAGS = "";
				SYMROOT = "/Users/nando/workspace/selfdrivingcar/CarND-Extended-Kalman-Filter";
				USE_HEADERMAP = NO;
				WARNING_CFLAGS = (
					"-Wmost",
					"-Wno-four-char-constants",
					"-Wno-unknown-pragmas",
					"$(inherited)",
				);
			};
			name = Debug;
		};
		9E5FB7209FD846A082F445C9 /* Release */ = {
			isa = XCBuildConfiguration;
			buildSettings = {
				COMBINE_HIDPI_IMAGES = YES;
				GCC_GENERATE_DEBUGGING_SYMBOLS = YES;
				GCC_INLINES_ARE_PRIVATE_EXTERN = NO;
				GCC_OPTIMIZATION_LEVEL = 0;
				GCC_PREPROCESSOR_DEFINITIONS = "'CMAKE_INTDIR=\"$(CONFIGURATION)$(EFFECTIVE_PLATFORM_NAME)\"'";
				GCC_SYMBOLS_PRIVATE_EXTERN = NO;
				INSTALL_PATH = "";
				OTHER_LDFLAGS = " ";
				OTHER_REZFLAGS = "";
				PRODUCT_NAME = ALL_BUILD;
				SECTORDER_FLAGS = "";
				SYMROOT = "/Users/nando/workspace/selfdrivingcar/CarND-Extended-Kalman-Filter";
				USE_HEADERMAP = NO;
				WARNING_CFLAGS = (
					"-Wmost",
					"-Wno-four-char-constants",
					"-Wno-unknown-pragmas",
					"$(inherited)",
				);
			};
			name = Release;
		};
		A3652E6F73A24F65B95C8E48 /* Release */ = {
			isa = XCBuildConfiguration;
			buildSettings = {
				COMBINE_HIDPI_IMAGES = YES;
				GCC_GENERATE_DEBUGGING_SYMBOLS = YES;
				GCC_INLINES_ARE_PRIVATE_EXTERN = NO;
				GCC_OPTIMIZATION_LEVEL = 0;
				GCC_PREPROCESSOR_DEFINITIONS = "'CMAKE_INTDIR=\"$(CONFIGURATION)$(EFFECTIVE_PLATFORM_NAME)\"'";
				GCC_SYMBOLS_PRIVATE_EXTERN = NO;
				INSTALL_PATH = "";
				OTHER_LDFLAGS = " ";
				OTHER_REZFLAGS = "";
				PRODUCT_NAME = ZERO_CHECK;
				SECTORDER_FLAGS = "";
				SYMROOT = "/Users/nando/workspace/selfdrivingcar/CarND-Extended-Kalman-Filter";
				USE_HEADERMAP = NO;
				WARNING_CFLAGS = (
					"-Wmost",
					"-Wno-four-char-constants",
					"-Wno-unknown-pragmas",
					"$(inherited)",
				);
			};
			name = Release;
		};
		AC9E1FB2ABCD4F83B1150D7B /* RelWithDebInfo */ = {
			isa = XCBuildConfiguration;
			buildSettings = {
				MACOSX_DEPLOYMENT_TARGET = 10.11;
				ONLY_ACTIVE_ARCH = YES;
				SDKROOT = /Applications/Xcode.app/Contents/Developer/Platforms/MacOSX.platform/Developer/SDKs/MacOSX10.12.sdk;
				SYMROOT = "/Users/nando/workspace/selfdrivingcar/CarND-Extended-Kalman-Filter/build";
			};
			name = RelWithDebInfo;
		};
		B9631AF8BFB848898632EBA0 /* RelWithDebInfo */ = {
			isa = XCBuildConfiguration;
			buildSettings = {
				COMBINE_HIDPI_IMAGES = YES;
				GCC_GENERATE_DEBUGGING_SYMBOLS = YES;
				GCC_INLINES_ARE_PRIVATE_EXTERN = NO;
				GCC_OPTIMIZATION_LEVEL = 0;
				GCC_PREPROCESSOR_DEFINITIONS = "'CMAKE_INTDIR=\"$(CONFIGURATION)$(EFFECTIVE_PLATFORM_NAME)\"'";
				GCC_SYMBOLS_PRIVATE_EXTERN = NO;
				INSTALL_PATH = "";
				OTHER_LDFLAGS = " ";
				OTHER_REZFLAGS = "";
				PRODUCT_NAME = ALL_BUILD;
				SECTORDER_FLAGS = "";
				SYMROOT = "/Users/nando/workspace/selfdrivingcar/CarND-Extended-Kalman-Filter";
				USE_HEADERMAP = NO;
				WARNING_CFLAGS = (
					"-Wmost",
					"-Wno-four-char-constants",
					"-Wno-unknown-pragmas",
					"$(inherited)",
				);
			};
			name = RelWithDebInfo;
		};
		D3BA445FA88846E2BE392306 /* RelWithDebInfo */ = {
			isa = XCBuildConfiguration;
			buildSettings = {
				COMBINE_HIDPI_IMAGES = YES;
				GCC_GENERATE_DEBUGGING_SYMBOLS = YES;
				GCC_INLINES_ARE_PRIVATE_EXTERN = NO;
				GCC_OPTIMIZATION_LEVEL = 0;
				GCC_PREPROCESSOR_DEFINITIONS = "'CMAKE_INTDIR=\"$(CONFIGURATION)$(EFFECTIVE_PLATFORM_NAME)\"'";
				GCC_SYMBOLS_PRIVATE_EXTERN = NO;
				INSTALL_PATH = "";
				OTHER_LDFLAGS = " ";
				OTHER_REZFLAGS = "";
				PRODUCT_NAME = ZERO_CHECK;
				SECTORDER_FLAGS = "";
				SYMROOT = "/Users/nando/workspace/selfdrivingcar/CarND-Extended-Kalman-Filter";
				USE_HEADERMAP = NO;
				WARNING_CFLAGS = (
					"-Wmost",
					"-Wno-four-char-constants",
					"-Wno-unknown-pragmas",
					"$(inherited)",
				);
			};
			name = RelWithDebInfo;
		};
		D57976DDDD2849A98B1EA918 /* Release */ = {
			isa = XCBuildConfiguration;
			buildSettings = {
				COMBINE_HIDPI_IMAGES = YES;
				EXECUTABLE_PREFIX = "";
				EXECUTABLE_SUFFIX = "";
				GCC_GENERATE_DEBUGGING_SYMBOLS = NO;
				GCC_INLINES_ARE_PRIVATE_EXTERN = NO;
				GCC_OPTIMIZATION_LEVEL = 3;
				GCC_PREPROCESSOR_DEFINITIONS = "'CMAKE_INTDIR=\"$(CONFIGURATION)$(EFFECTIVE_PLATFORM_NAME)\"'";
				GCC_SYMBOLS_PRIVATE_EXTERN = NO;
				INSTALL_PATH = "";
				LIBRARY_SEARCH_PATHS = "";
				OTHER_CPLUSPLUSFLAGS = (
					"-DNDEBUG",
					"-std=c++0x",
				);
				OTHER_LDFLAGS = (
					"-Wl,-search_paths_first",
					"-Wl,-headerpad_max_install_names",
				);
				OTHER_REZFLAGS = "";
				PRODUCT_NAME = ExtendedKF;
				SECTORDER_FLAGS = "";
				SYMROOT = "/Users/nando/workspace/selfdrivingcar/CarND-Extended-Kalman-Filter";
				USE_HEADERMAP = NO;
				WARNING_CFLAGS = (
					"-Wmost",
					"-Wno-four-char-constants",
					"-Wno-unknown-pragmas",
					"$(inherited)",
				);
			};
			name = Release;
		};
/* End XCBuildConfiguration section */

/* Begin XCConfigurationList section */
		7B183E96B247452BB419EF7C /* Build configuration list for PBXAggregateTarget "ALL_BUILD" */ = {
			isa = XCConfigurationList;
			buildConfigurations = (
				28461A6F73AF448CBCBF8605 /* Debug */,
				9E5FB7209FD846A082F445C9 /* Release */,
				2084AF7FBC89467B8850A118 /* MinSizeRel */,
				B9631AF8BFB848898632EBA0 /* RelWithDebInfo */,
			);
			defaultConfigurationIsVisible = 0;
			defaultConfigurationName = Debug;
		};
		A5906CC7BCDF4DB9816F04A8 /* Build configuration list for PBXAggregateTarget "ZERO_CHECK" */ = {
			isa = XCConfigurationList;
			buildConfigurations = (
				872CFF16CF6045189830BB6A /* Debug */,
				A3652E6F73A24F65B95C8E48 /* Release */,
				67D9398B3B484192A6228E3C /* MinSizeRel */,
				D3BA445FA88846E2BE392306 /* RelWithDebInfo */,
			);
			defaultConfigurationIsVisible = 0;
			defaultConfigurationName = Debug;
		};
		D1D9962885544375A34CA426 /* Build configuration list for PBXNativeTarget "ExtendedKF" */ = {
			isa = XCConfigurationList;
			buildConfigurations = (
				9D0E68EEE22F4764A49546A9 /* Debug */,
				D57976DDDD2849A98B1EA918 /* Release */,
				1AEF779BC1D142B1A75C105C /* MinSizeRel */,
				0A96F4F11E1844649EE209E5 /* RelWithDebInfo */,
			);
			defaultConfigurationIsVisible = 0;
			defaultConfigurationName = Debug;
		};
		EB44F9A5AC17403B95A658F2 /* Build configuration list for PBXProject "ExtendedKF" */ = {
			isa = XCConfigurationList;
			buildConfigurations = (
				4150D152F1DA40898D9318F8 /* Debug */,
				668FCC2A52CF425496B142C8 /* Release */,
				7E949B548F8247E78DE271FE /* MinSizeRel */,
				AC9E1FB2ABCD4F83B1150D7B /* RelWithDebInfo */,
			);
			defaultConfigurationIsVisible = 0;
			defaultConfigurationName = Debug;
		};
/* End XCConfigurationList section */
	};
	rootObject = 30FEDE360BFD4623A0628E42 /* Project object */;
}
